
Microsoft Visual Studio Solution File, Format Version 12.00
# Visual Studio Version 17
VisualStudioVersion = 17.6.33801.468
MinimumVisualStudioVersion = 10.0.40219.1
Project("{9A19103F-16F7-4668-BE54-9A1E7A4F7556}") = "Example.Application", "Example.Application\Example.Application.csproj", "{929D5B25-85AD-4A77-9524-F0D60BFE6CC6}"
EndProject
Project("{FAE04EC0-301F-11D3-BF4B-00C04F79EFBC}") = "Example.Application.Test", "Example.Application.Test\Example.Application.Test.csproj", "{534702EA-B761-43A3-88D8-7424E3D49AD2}"
EndProject
Global
	GlobalSection(SolutionConfigurationPlatforms) = preSolution
		Debug|Any CPU = Debug|Any CPU
		Release|Any CPU = Release|Any CPU
	EndGlobalSection
	GlobalSection(ProjectConfigurationPlatforms) = postSolution
		{929D5B25-85AD-4A77-9524-F0D60BFE6CC6}.Debug|Any CPU.ActiveCfg = Debug|Any CPU
		{929D5B25-85AD-4A77-9524-F0D60BFE6CC6}.Debug|Any CPU.Build.0 = Debug|Any CPU
		{929D5B25-85AD-4A77-9524-F0D60BFE6CC6}.Release|Any CPU.ActiveCfg = Release|Any CPU
		{929D5B25-85AD-4A77-9524-F0D60BFE6CC6}.Release|Any CPU.Build.0 = Release|Any CPU
		{534702EA-B761-43A3-88D8-7424E3D49AD2}.Debug|Any CPU.ActiveCfg = Debug|Any CPU
		{534702EA-B761-43A3-88D8-7424E3D49AD2}.Debug|Any CPU.Build.0 = Debug|Any CPU
		{534702EA-B761-43A3-88D8-7424E3D49AD2}.Release|Any CPU.ActiveCfg = Release|Any CPU
		{534702EA-B761-43A3-88D8-7424E3D49AD2}.Release|Any CPU.Build.0 = Release|Any CPU
	EndGlobalSection
	GlobalSection(SolutionProperties) = preSolution
		HideSolutionNode = FALSE
	EndGlobalSection
	GlobalSection(ExtensibilityGlobals) = postSolution
		SolutionGuid = {68B545A6-AA34-4773-8E9F-CDE2DEE4F013}
	EndGlobalSection
EndGlobal
